
Microsoft Visual Studio Solution File, Format Version 12.00
# Visual Studio Version 17
VisualStudioVersion = 17.8.34511.84
MinimumVisualStudioVersion = 10.0.40219.1
Project("{FAE04EC0-301F-11D3-BF4B-00C04F79EFBC}") = "Game", "Game.csproj", "{AF80A247-D57C-4736-9B19-EB0522DAFA54}"
EndProject
Project("{FAE04EC0-301F-11D3-BF4B-00C04F79EFBC}") = "GameEngine", "..\GameEngine\GameEngine.csproj", "{2F94F2AB-3D29-4184-A89A-A8CD43A0B79C}"
EndProject
Project("{FAE04EC0-301F-11D3-BF4B-00C04F79EFBC}") = "GameCore", "..\GameCore\GameCore.csproj", "{7A265C90-2D47-47D7-B6F7-BFF165B91060}"
EndProject
Project("{FAE04EC0-301F-11D3-BF4B-00C04F79EFBC}") = "GameRenderer", "..\GameRenderer\GameRenderer.csproj", "{DD9E9E09-9235-4BBE-93B6-364B1F15A599}"
EndProject
Global
	GlobalSection(SolutionConfigurationPlatforms) = preSolution
		Debug|Any CPU = Debug|Any CPU
		Release|Any CPU = Release|Any CPU
	EndGlobalSection
	GlobalSection(ProjectConfigurationPlatforms) = postSolution
		{AF80A247-D57C-4736-9B19-EB0522DAFA54}.Debug|Any CPU.ActiveCfg = Debug|Any CPU
		{AF80A247-D57C-4736-9B19-EB0522DAFA54}.Debug|Any CPU.Build.0 = Debug|Any CPU
		{AF80A247-D57C-4736-9B19-EB0522DAFA54}.Release|Any CPU.ActiveCfg = Release|Any CPU
		{AF80A247-D57C-4736-9B19-EB0522DAFA54}.Release|Any CPU.Build.0 = Release|Any CPU
		{2F94F2AB-3D29-4184-A89A-A8CD43A0B79C}.Debug|Any CPU.ActiveCfg = Debug|Any CPU
		{2F94F2AB-3D29-4184-A89A-A8CD43A0B79C}.Debug|Any CPU.Build.0 = Debug|Any CPU
		{2F94F2AB-3D29-4184-A89A-A8CD43A0B79C}.Release|Any CPU.ActiveCfg = Release|Any CPU
		{2F94F2AB-3D29-4184-A89A-A8CD43A0B79C}.Release|Any CPU.Build.0 = Release|Any CPU
		{7A265C90-2D47-47D7-B6F7-BFF165B91060}.Debug|Any CPU.ActiveCfg = Debug|Any CPU
		{7A265C90-2D47-47D7-B6F7-BFF165B91060}.Debug|Any CPU.Build.0 = Debug|Any CPU
		{7A265C90-2D47-47D7-B6F7-BFF165B91060}.Release|Any CPU.ActiveCfg = Release|Any CPU
		{7A265C90-2D47-47D7-B6F7-BFF165B91060}.Release|Any CPU.Build.0 = Release|Any CPU
		{DD9E9E09-9235-4BBE-93B6-364B1F15A599}.Debug|Any CPU.ActiveCfg = Debug|Any CPU
		{DD9E9E09-9235-4BBE-93B6-364B1F15A599}.Debug|Any CPU.Build.0 = Debug|Any CPU
		{DD9E9E09-9235-4BBE-93B6-364B1F15A599}.Release|Any CPU.ActiveCfg = Release|Any CPU
		{DD9E9E09-9235-4BBE-93B6-364B1F15A599}.Release|Any CPU.Build.0 = Release|Any CPU
	EndGlobalSection
	GlobalSection(SolutionProperties) = preSolution
		HideSolutionNode = FALSE
	EndGlobalSection
	GlobalSection(ExtensibilityGlobals) = postSolution
		SolutionGuid = {7D5C3F39-3FEE-4CEF-9802-8A277880E0B5}
	EndGlobalSection
EndGlobal
