
Microsoft Visual Studio Solution File, Format Version 12.00
# Visual Studio Version 17
VisualStudioVersion = 17.8.34511.84
MinimumVisualStudioVersion = 10.0.40219.1
Project("{FAE04EC0-301F-11D3-BF4B-00C04F79EFBC}") = "Clicker", "Clicker.csproj", "{AF80A247-D57C-4736-9B19-EB0522DAFA54}"
EndProject
Global
	GlobalSection(SolutionConfigurationPlatforms) = preSolution
		Debug|Any CPU = Debug|Any CPU
		Release|Any CPU = Release|Any CPU
	EndGlobalSection
	GlobalSection(ProjectConfigurationPlatforms) = postSolution
		{AF80A247-D57C-4736-9B19-EB0522DAFA54}.Debug|Any CPU.ActiveCfg = Debug|Any CPU
		{AF80A247-D57C-4736-9B19-EB0522DAFA54}.Debug|Any CPU.Build.0 = Debug|Any CPU
		{AF80A247-D57C-4736-9B19-EB0522DAFA54}.Release|Any CPU.ActiveCfg = Release|Any CPU
		{AF80A247-D57C-4736-9B19-EB0522DAFA54}.Release|Any CPU.Build.0 = Release|Any CPU
	EndGlobalSection
	GlobalSection(SolutionProperties) = preSolution
		HideSolutionNode = FALSE
	EndGlobalSection
	GlobalSection(ExtensibilityGlobals) = postSolution
		SolutionGuid = {7D5C3F39-3FEE-4CEF-9802-8A277880E0B5}
	EndGlobalSection
EndGlobal
